
Microsoft Visual Studio Solution File, Format Version 12.00
# Visual Studio Version 17
VisualStudioVersion = 17.14.37710.0
MinimumVisualStudioVersion = 10.0.40219.1
Project("{FAE04EC0-301F-11D3-BF4B-00C04F79EFBC}") = "loja_cliente_api", "loja_cliente_api\loja_cliente_api.csproj", "{77066513-8F39-4786-A533-2A60A6C62AF6}"
EndProject
Project("{FAE04EC0-301F-11D3-BF4B-00C04F79EFBC}") = "loja_produtos_api", "loja_produtos_api\loja_produtos_api.csproj", "{CAD4B11A-FCA9-47C6-BBE8-B89C1620B905}"
EndProject
Project("{FAE04EC0-301F-11D3-BF4B-00C04F79EFBC}") = "loja_pedidos_api", "loja_pedidos_api\loja_pedidos_api.csproj", "{78DA53DB-AB41-4597-806B-243AA818D825}"
EndProject
Global
	GlobalSection(SolutionConfigurationPlatforms) = preSolution
		Debug|Any CPU = Debug|Any CPU
		Release|Any CPU = Release|Any CPU
	EndGlobalSection
	GlobalSection(ProjectConfigurationPlatforms) = postSolution
		{77066513-8F39-4786-A533-2A60A6C62AF6}.Debug|Any CPU.ActiveCfg = Debug|Any CPU
		{77066513-8F39-4786-A533-2A60A6C62AF6}.Debug|Any CPU.Build.0 = Debug|Any CPU
		{77066513-8F39-4786-A533-2A60A6C62AF6}.Release|Any CPU.ActiveCfg = Release|Any CPU
		{77066513-8F39-4786-A533-2A60A6C62AF6}.Release|Any CPU.Build.0 = Release|Any CPU
		{CAD4B11A-FCA9-47C6-BBE8-B89C1620B905}.Debug|Any CPU.ActiveCfg = Debug|Any CPU
		{CAD4B11A-FCA9-47C6-BBE8-B89C1620B905}.Debug|Any CPU.Build.0 = Debug|Any CPU
		{CAD4B11A-FCA9-47C6-BBE8-B89C1620B905}.Release|Any CPU.ActiveCfg = Release|Any CPU
		{CAD4B11A-FCA9-47C6-BBE8-B89C1620B905}.Release|Any CPU.Build.0 = Release|Any CPU
		{78DA53DB-AB41-4597-806B-243AA818D825}.Debug|Any CPU.ActiveCfg = Debug|Any CPU
		{78DA53DB-AB41-4597-806B-243AA818D825}.Debug|Any CPU.Build.0 = Debug|Any CPU
		{78DA53DB-AB41-4597-806B-243AA818D825}.Release|Any CPU.ActiveCfg = Release|Any CPU
		{78DA53DB-AB41-4597-806B-243AA818D825}.Release|Any CPU.Build.0 = Release|Any CPU
	EndGlobalSection
	GlobalSection(SolutionProperties) = preSolution
		HideSolutionNode = FALSE
	EndGlobalSection
	GlobalSection(ExtensibilityGlobals) = postSolution
		SolutionGuid = {17242F51-77AD-4385-8DB8-03F1EFF7E21E}
	EndGlobalSection
EndGlobal
